
Microsoft Visual Studio Solution File, Format Version 12.00
# Visual Studio Version 17
VisualStudioVersion = 17.3.32901.215
MinimumVisualStudioVersion = 10.0.40219.1
Project("{FAE04EC0-301F-11D3-BF4B-00C04F79EFBC}") = "ConsoleApp7", "ConsoleApp7\ConsoleApp7.csproj", "{C3604092-ECE9-455F-B7C4-46723A302DAF}"
EndProject
Global
	GlobalSection(SolutionConfigurationPlatforms) = preSolution
		Debug|Any CPU = Debug|Any CPU
		Release|Any CPU = Release|Any CPU
	EndGlobalSection
	GlobalSection(ProjectConfigurationPlatforms) = postSolution
		{C3604092-ECE9-455F-B7C4-46723A302DAF}.Debug|Any CPU.ActiveCfg = Debug|Any CPU
		{C3604092-ECE9-455F-B7C4-46723A302DAF}.Debug|Any CPU.Build.0 = Debug|Any CPU
		{C3604092-ECE9-455F-B7C4-46723A302DAF}.Release|Any CPU.ActiveCfg = Release|Any CPU
		{C3604092-ECE9-455F-B7C4-46723A302DAF}.Release|Any CPU.Build.0 = Release|Any CPU
	EndGlobalSection
	GlobalSection(SolutionProperties) = preSolution
		HideSolutionNode = FALSE
	EndGlobalSection
	GlobalSection(ExtensibilityGlobals) = postSolution
		SolutionGuid = {C8D5B8D2-3377-495F-BD3B-475104632CBE}
	EndGlobalSection
EndGlobal
